{
  "version": 4,
  "terraform_version": "1.9.8",
  "serial": 10,
  "lineage": "66e889ab-979e-8715-c124-b34f735ac781",
  "outputs": {
    "rg": {
      "value": "isol-c9-rg-iac",
      "type": "string"
    }
  },
  "resources": [
    {
      "mode": "data",
      "type": "azurerm_client_config",
      "name": "current",
      "provider": "provider[\"registry.terraform.io/hashicorp/azurerm\"]",
      "instances": [
        {
          "schema_version": 0,
          "attributes": {
            "client_id": "04b07795-8ddb-461a-bbee-02f9e1bf7b46",
            "id": "Y2xpZW50Q29uZmlncy9jbGllbnRJZD0wNGIwNzc5NS04ZGRiLTQ2MWEtYmJlZS0wMmY5ZTFiZjdiNDY7b2JqZWN0SWQ9Y2Y1ODRkMjUtOWM5Ny00ZGRlLWFkMDQtNWNmYzYxMWNlNmExO3N1YnNjcmlwdGlvbklkPTA1NDAzZDRjLWE3Y2QtNDhhMy1hNDIyLTc5ZTVjMjM4NWUzMjt0ZW5hbnRJZD1jZmI0YjllNy0zM2I4LTRkOTEtOWU3OS03YzdiZDI3ZmJjZGY=",
            "object_id": "cf584d25-9c97-4dde-ad04-5cfc611ce6a1",
            "subscription_id": "05403d4c-a7cd-48a3-a422-79e5c2385e32",
            "tenant_id": "cfb4b9e7-33b8-4d91-9e79-7c7bd27fbcdf",
            "timeouts": null
          },
          "sensitive_attributes": []
        }
      ]
    },
    {
      "mode": "managed",
      "type": "azuread_group",
      "name": "perm-rg-contributor",
      "provider": "provider[\"registry.terraform.io/hashicorp/azuread\"]",
      "instances": [
        {
          "schema_version": 0,
          "attributes": {
            "administrative_unit_ids": null,
            "assignable_to_role": false,
            "auto_subscribe_new_members": false,
            "behaviors": null,
            "description": "",
            "display_name": "pm-isol-c9-rg-iac-contributor",
            "dynamic_membership": [],
            "external_senders_allowed": false,
            "hide_from_address_lists": false,
            "hide_from_outlook_clients": false,
            "id": "ce1cbec6-73b5-45fc-9fed-efdfa303c242",
            "mail": "",
            "mail_enabled": false,
            "mail_nickname": "63e4196d-c",
            "members": [
              "f02401ad-aaec-4ee4-8173-21f1d86846d9"
            ],
            "object_id": "ce1cbec6-73b5-45fc-9fed-efdfa303c242",
            "onpremises_domain_name": "",
            "onpremises_group_type": "",
            "onpremises_netbios_name": "",
            "onpremises_sam_account_name": "",
            "onpremises_security_identifier": "",
            "onpremises_sync_enabled": false,
            "owners": [
              "cf584d25-9c97-4dde-ad04-5cfc611ce6a1"
            ],
            "preferred_language": "",
            "prevent_duplicate_names": true,
            "provisioning_options": null,
            "proxy_addresses": [],
            "security_enabled": true,
            "theme": "",
            "timeouts": null,
            "types": null,
            "visibility": "",
            "writeback_enabled": false
          },
          "sensitive_attributes": [],
          "private": "eyJlMmJmYjczMC1lY2FhLTExZTYtOGY4OC0zNDM2M2JjN2M0YzAiOnsiY3JlYXRlIjoxMjAwMDAwMDAwMDAwLCJkZWxldGUiOjMwMDAwMDAwMDAwMCwicmVhZCI6MzAwMDAwMDAwMDAwLCJ1cGRhdGUiOjEyMDAwMDAwMDAwMDB9fQ==",
          "dependencies": [
            "azuread_group.role-rg-contributor",
            "azurerm_resource_group.rg",
            "data.azurerm_client_config.current"
          ]
        }
      ]
    },
    {
      "mode": "managed",
      "type": "azuread_group",
      "name": "role-rg-contributor",
      "provider": "provider[\"registry.terraform.io/hashicorp/azuread\"]",
      "instances": [
        {
          "schema_version": 0,
          "attributes": {
            "administrative_unit_ids": null,
            "assignable_to_role": false,
            "auto_subscribe_new_members": false,
            "behaviors": null,
            "description": "",
            "display_name": "ra-isol-c9-rg-iac-contributor",
            "dynamic_membership": [],
            "external_senders_allowed": false,
            "hide_from_address_lists": false,
            "hide_from_outlook_clients": false,
            "id": "f02401ad-aaec-4ee4-8173-21f1d86846d9",
            "mail": "",
            "mail_enabled": false,
            "mail_nickname": "a0ac3c9f-0",
            "members": [
              "cf584d25-9c97-4dde-ad04-5cfc611ce6a1"
            ],
            "object_id": "f02401ad-aaec-4ee4-8173-21f1d86846d9",
            "onpremises_domain_name": "",
            "onpremises_group_type": "",
            "onpremises_netbios_name": "",
            "onpremises_sam_account_name": "",
            "onpremises_security_identifier": "",
            "onpremises_sync_enabled": false,
            "owners": [
              "cf584d25-9c97-4dde-ad04-5cfc611ce6a1"
            ],
            "preferred_language": "",
            "prevent_duplicate_names": true,
            "provisioning_options": null,
            "proxy_addresses": [],
            "security_enabled": true,
            "theme": "",
            "timeouts": null,
            "types": null,
            "visibility": "",
            "writeback_enabled": false
          },
          "sensitive_attributes": [],
          "private": "eyJlMmJmYjczMC1lY2FhLTExZTYtOGY4OC0zNDM2M2JjN2M0YzAiOnsiY3JlYXRlIjoxMjAwMDAwMDAwMDAwLCJkZWxldGUiOjMwMDAwMDAwMDAwMCwicmVhZCI6MzAwMDAwMDAwMDAwLCJ1cGRhdGUiOjEyMDAwMDAwMDAwMDB9fQ==",
          "dependencies": [
            "azurerm_resource_group.rg",
            "data.azurerm_client_config.current"
          ]
        }
      ]
    },
    {
      "mode": "managed",
      "type": "azurerm_key_vault",
      "name": "kv",
      "provider": "provider[\"registry.terraform.io/hashicorp/azurerm\"]",
      "instances": [
        {
          "schema_version": 2,
          "attributes": {
            "access_policy": [],
            "contact": [],
            "enable_rbac_authorization": true,
            "enabled_for_deployment": false,
            "enabled_for_disk_encryption": false,
            "enabled_for_template_deployment": false,
            "id": "/subscriptions/05403d4c-a7cd-48a3-a422-79e5c2385e32/resourceGroups/isol-c9-rg-iac/providers/Microsoft.KeyVault/vaults/isol-c9-kv-iac",
            "location": "switzerlandnorth",
            "name": "isol-c9-kv-iac",
            "network_acls": [
              {
                "bypass": "AzureServices",
                "default_action": "Allow",
                "ip_rules": [],
                "virtual_network_subnet_ids": []
              }
            ],
            "public_network_access_enabled": true,
            "purge_protection_enabled": false,
            "resource_group_name": "isol-c9-rg-iac",
            "sku_name": "standard",
            "soft_delete_retention_days": 90,
            "tags": {
              "application": "Dependency Track",
              "createdby": "raffael.nussbaumer@isolutions.ch",
              "description": "IaC Key Vault",
              "environment": "dev"
            },
            "tenant_id": "cfb4b9e7-33b8-4d91-9e79-7c7bd27fbcdf",
            "timeouts": null,
            "vault_uri": "https://isol-c9-kv-iac.vault.azure.net/"
          },
          "sensitive_attributes": [],
          "private": "eyJlMmJmYjczMC1lY2FhLTExZTYtOGY4OC0zNDM2M2JjN2M0YzAiOnsiY3JlYXRlIjoxODAwMDAwMDAwMDAwLCJkZWxldGUiOjE4MDAwMDAwMDAwMDAsInJlYWQiOjMwMDAwMDAwMDAwMCwidXBkYXRlIjoxODAwMDAwMDAwMDAwfSwic2NoZW1hX3ZlcnNpb24iOiIyIn0=",
          "dependencies": [
            "azurerm_resource_group.rg"
          ]
        }
      ]
    },
    {
      "mode": "managed",
      "type": "azurerm_resource_group",
      "name": "rg",
      "provider": "provider[\"registry.terraform.io/hashicorp/azurerm\"]",
      "instances": [
        {
          "schema_version": 0,
          "attributes": {
            "id": "/subscriptions/05403d4c-a7cd-48a3-a422-79e5c2385e32/resourceGroups/isol-c9-rg-iac",
            "location": "switzerlandnorth",
            "managed_by": "",
            "name": "isol-c9-rg-iac",
            "tags": {
              "application": "Dependency Track",
              "createdby": "raffael.nussbaumer@isolutions.ch",
              "customer": "isolutions",
              "department": "BU BS",
              "environment": "c9",
              "owner": "raffael.nussbaumer@isolutions.ch"
            },
            "timeouts": null
          },
          "sensitive_attributes": [],
          "private": "eyJlMmJmYjczMC1lY2FhLTExZTYtOGY4OC0zNDM2M2JjN2M0YzAiOnsiY3JlYXRlIjo1NDAwMDAwMDAwMDAwLCJkZWxldGUiOjU0MDAwMDAwMDAwMDAsInJlYWQiOjMwMDAwMDAwMDAwMCwidXBkYXRlIjo1NDAwMDAwMDAwMDAwfX0="
        }
      ]
    },
    {
      "mode": "managed",
      "type": "azurerm_role_assignment",
      "name": "blob-data-owner",
      "provider": "provider[\"registry.terraform.io/hashicorp/azurerm\"]",
      "instances": [
        {
          "schema_version": 0,
          "attributes": {
            "condition": "",
            "condition_version": "",
            "delegated_managed_identity_resource_id": "",
            "description": "",
            "id": "/subscriptions/05403d4c-a7cd-48a3-a422-79e5c2385e32/resourceGroups/isol-c9-rg-iac/providers/Microsoft.Authorization/roleAssignments/29b833f6-5acb-2674-b09f-64814230f3d5",
            "name": "29b833f6-5acb-2674-b09f-64814230f3d5",
            "principal_id": "ce1cbec6-73b5-45fc-9fed-efdfa303c242",
            "principal_type": "Group",
            "role_definition_id": "/subscriptions/05403d4c-a7cd-48a3-a422-79e5c2385e32/providers/Microsoft.Authorization/roleDefinitions/b7e6dc6d-f1e8-4753-8033-0f276bb0955b",
            "role_definition_name": "Storage Blob Data Owner",
            "scope": "/subscriptions/05403d4c-a7cd-48a3-a422-79e5c2385e32/resourceGroups/isol-c9-rg-iac",
            "skip_service_principal_aad_check": null,
            "timeouts": null
          },
          "sensitive_attributes": [],
          "private": "eyJlMmJmYjczMC1lY2FhLTExZTYtOGY4OC0zNDM2M2JjN2M0YzAiOnsiY3JlYXRlIjoxODAwMDAwMDAwMDAwLCJkZWxldGUiOjE4MDAwMDAwMDAwMDAsInJlYWQiOjMwMDAwMDAwMDAwMH19",
          "dependencies": [
            "azuread_group.perm-rg-contributor",
            "azuread_group.role-rg-contributor",
            "azurerm_resource_group.rg",
            "data.azurerm_client_config.current"
          ]
        }
      ]
    },
    {
      "mode": "managed",
      "type": "azurerm_role_assignment",
      "name": "kv-admin",
      "provider": "provider[\"registry.terraform.io/hashicorp/azurerm\"]",
      "instances": [
        {
          "schema_version": 0,
          "attributes": {
            "condition": "",
            "condition_version": "",
            "delegated_managed_identity_resource_id": "",
            "description": "",
            "id": "/subscriptions/05403d4c-a7cd-48a3-a422-79e5c2385e32/resourceGroups/isol-c9-rg-iac/providers/Microsoft.Authorization/roleAssignments/4fe8a1e1-257b-627c-4831-ca2a4b14f715",
            "name": "4fe8a1e1-257b-627c-4831-ca2a4b14f715",
            "principal_id": "ce1cbec6-73b5-45fc-9fed-efdfa303c242",
            "principal_type": "Group",
            "role_definition_id": "/subscriptions/05403d4c-a7cd-48a3-a422-79e5c2385e32/providers/Microsoft.Authorization/roleDefinitions/00482a5a-887f-4fb3-b363-3b7fe8e74483",
            "role_definition_name": "Key Vault Administrator",
            "scope": "/subscriptions/05403d4c-a7cd-48a3-a422-79e5c2385e32/resourceGroups/isol-c9-rg-iac",
            "skip_service_principal_aad_check": null,
            "timeouts": null
          },
          "sensitive_attributes": [],
          "private": "eyJlMmJmYjczMC1lY2FhLTExZTYtOGY4OC0zNDM2M2JjN2M0YzAiOnsiY3JlYXRlIjoxODAwMDAwMDAwMDAwLCJkZWxldGUiOjE4MDAwMDAwMDAwMDAsInJlYWQiOjMwMDAwMDAwMDAwMH19",
          "dependencies": [
            "azuread_group.perm-rg-contributor",
            "azuread_group.role-rg-contributor",
            "azurerm_resource_group.rg",
            "data.azurerm_client_config.current"
          ]
        }
      ]
    },
    {
      "mode": "managed",
      "type": "azurerm_role_assignment",
      "name": "rg-contributor",
      "provider": "provider[\"registry.terraform.io/hashicorp/azurerm\"]",
      "instances": [
        {
          "schema_version": 0,
          "attributes": {
            "condition": "",
            "condition_version": "",
            "delegated_managed_identity_resource_id": "",
            "description": "",
            "id": "/subscriptions/05403d4c-a7cd-48a3-a422-79e5c2385e32/resourceGroups/isol-c9-rg-iac/providers/Microsoft.Authorization/roleAssignments/ef294c71-f548-7dd4-fbb0-f9b1ebc99a9b",
            "name": "ef294c71-f548-7dd4-fbb0-f9b1ebc99a9b",
            "principal_id": "ce1cbec6-73b5-45fc-9fed-efdfa303c242",
            "principal_type": "Group",
            "role_definition_id": "/subscriptions/05403d4c-a7cd-48a3-a422-79e5c2385e32/providers/Microsoft.Authorization/roleDefinitions/b24988ac-6180-42a0-ab88-20f7382dd24c",
            "role_definition_name": "Contributor",
            "scope": "/subscriptions/05403d4c-a7cd-48a3-a422-79e5c2385e32/resourceGroups/isol-c9-rg-iac",
            "skip_service_principal_aad_check": null,
            "timeouts": null
          },
          "sensitive_attributes": [],
          "private": "eyJlMmJmYjczMC1lY2FhLTExZTYtOGY4OC0zNDM2M2JjN2M0YzAiOnsiY3JlYXRlIjoxODAwMDAwMDAwMDAwLCJkZWxldGUiOjE4MDAwMDAwMDAwMDAsInJlYWQiOjMwMDAwMDAwMDAwMH19",
          "dependencies": [
            "azuread_group.perm-rg-contributor",
            "azuread_group.role-rg-contributor",
            "azurerm_resource_group.rg",
            "data.azurerm_client_config.current"
          ]
        }
      ]
    },
    {
      "mode": "managed",
      "type": "azurerm_storage_account",
      "name": "sa",
      "provider": "provider[\"registry.terraform.io/hashicorp/azurerm\"]",
      "instances": [
        {
          "schema_version": 4,
          "attributes": {
            "access_tier": "Hot",
            "account_kind": "StorageV2",
            "account_replication_type": "GRS",
            "account_tier": "Standard",
            "allow_nested_items_to_be_public": true,
            "allowed_copy_scope": "",
            "azure_files_authentication": [],
            "blob_properties": [
              {
                "change_feed_enabled": false,
                "change_feed_retention_in_days": 0,
                "container_delete_retention_policy": [],
                "cors_rule": [],
                "default_service_version": "",
                "delete_retention_policy": [],
                "last_access_time_enabled": false,
                "restore_policy": [],
                "versioning_enabled": false
              }
            ],
            "cross_tenant_replication_enabled": true,
            "custom_domain": [],
            "customer_managed_key": [],
            "default_to_oauth_authentication": true,
            "dns_endpoint_type": "Standard",
            "edge_zone": "",
            "enable_https_traffic_only": true,
            "https_traffic_only_enabled": true,
            "id": "/subscriptions/05403d4c-a7cd-48a3-a422-79e5c2385e32/resourceGroups/isol-c9-rg-iac/providers/Microsoft.Storage/storageAccounts/isolc9storiac01",
            "identity": [],
            "immutability_policy": [],
            "infrastructure_encryption_enabled": false,
            "is_hns_enabled": false,
            "large_file_share_enabled": false,
            "local_user_enabled": true,
            "location": "switzerlandnorth",
            "min_tls_version": "TLS1_2",
            "name": "isolc9storiac01",
            "network_rules": [],
            "nfsv3_enabled": false,
            "primary_access_key": "DdYhngYD2ZOhQxn3RxBgkpo+Opcd38RQdJU2cKQy9JuvvLhPzvGS7PjsilltGhB/g5M8WnbFXBDD+AStPPOg1w==",
            "primary_blob_connection_string": "DefaultEndpointsProtocol=https;BlobEndpoint=https://isolc9storiac01.blob.core.windows.net/;AccountName=isolc9storiac01;AccountKey=DdYhngYD2ZOhQxn3RxBgkpo+Opcd38RQdJU2cKQy9JuvvLhPzvGS7PjsilltGhB/g5M8WnbFXBDD+AStPPOg1w==",
            "primary_blob_endpoint": "https://isolc9storiac01.blob.core.windows.net/",
            "primary_blob_host": "isolc9storiac01.blob.core.windows.net",
            "primary_blob_internet_endpoint": "",
            "primary_blob_internet_host": "",
            "primary_blob_microsoft_endpoint": "",
            "primary_blob_microsoft_host": "",
            "primary_connection_string": "DefaultEndpointsProtocol=https;AccountName=isolc9storiac01;AccountKey=DdYhngYD2ZOhQxn3RxBgkpo+Opcd38RQdJU2cKQy9JuvvLhPzvGS7PjsilltGhB/g5M8WnbFXBDD+AStPPOg1w==;EndpointSuffix=core.windows.net",
            "primary_dfs_endpoint": "https://isolc9storiac01.dfs.core.windows.net/",
            "primary_dfs_host": "isolc9storiac01.dfs.core.windows.net",
            "primary_dfs_internet_endpoint": "",
            "primary_dfs_internet_host": "",
            "primary_dfs_microsoft_endpoint": "",
            "primary_dfs_microsoft_host": "",
            "primary_file_endpoint": "https://isolc9storiac01.file.core.windows.net/",
            "primary_file_host": "isolc9storiac01.file.core.windows.net",
            "primary_file_internet_endpoint": "",
            "primary_file_internet_host": "",
            "primary_file_microsoft_endpoint": "",
            "primary_file_microsoft_host": "",
            "primary_location": "switzerlandnorth",
            "primary_queue_endpoint": "https://isolc9storiac01.queue.core.windows.net/",
            "primary_queue_host": "isolc9storiac01.queue.core.windows.net",
            "primary_queue_microsoft_endpoint": "",
            "primary_queue_microsoft_host": "",
            "primary_table_endpoint": "https://isolc9storiac01.table.core.windows.net/",
            "primary_table_host": "isolc9storiac01.table.core.windows.net",
            "primary_table_microsoft_endpoint": "",
            "primary_table_microsoft_host": "",
            "primary_web_endpoint": "https://isolc9storiac01.z1.web.core.windows.net/",
            "primary_web_host": "isolc9storiac01.z1.web.core.windows.net",
            "primary_web_internet_endpoint": "",
            "primary_web_internet_host": "",
            "primary_web_microsoft_endpoint": "",
            "primary_web_microsoft_host": "",
            "public_network_access_enabled": true,
            "queue_encryption_key_type": "Service",
            "queue_properties": [
              {
                "cors_rule": [],
                "hour_metrics": [
                  {
                    "enabled": true,
                    "include_apis": true,
                    "retention_policy_days": 7,
                    "version": "1.0"
                  }
                ],
                "logging": [
                  {
                    "delete": false,
                    "read": false,
                    "retention_policy_days": 0,
                    "version": "1.0",
                    "write": false
                  }
                ],
                "minute_metrics": [
                  {
                    "enabled": false,
                    "include_apis": false,
                    "retention_policy_days": 0,
                    "version": "1.0"
                  }
                ]
              }
            ],
            "resource_group_name": "isol-c9-rg-iac",
            "routing": [],
            "sas_policy": [],
            "secondary_access_key": "Wo7c6ZCydhAxUtCriygHnCbjk+Z/T+Xi3FMgWUC5OtOsIt0LUgRtmgLEQpQhg/VZXcIAn5hBldTn+AStIjIAug==",
            "secondary_blob_connection_string": "",
            "secondary_blob_endpoint": "",
            "secondary_blob_host": "",
            "secondary_blob_internet_endpoint": "",
            "secondary_blob_internet_host": "",
            "secondary_blob_microsoft_endpoint": "",
            "secondary_blob_microsoft_host": "",
            "secondary_connection_string": "DefaultEndpointsProtocol=https;AccountName=isolc9storiac01;AccountKey=Wo7c6ZCydhAxUtCriygHnCbjk+Z/T+Xi3FMgWUC5OtOsIt0LUgRtmgLEQpQhg/VZXcIAn5hBldTn+AStIjIAug==;EndpointSuffix=core.windows.net",
            "secondary_dfs_endpoint": "",
            "secondary_dfs_host": "",
            "secondary_dfs_internet_endpoint": "",
            "secondary_dfs_internet_host": "",
            "secondary_dfs_microsoft_endpoint": "",
            "secondary_dfs_microsoft_host": "",
            "secondary_file_endpoint": "",
            "secondary_file_host": "",
            "secondary_file_internet_endpoint": "",
            "secondary_file_internet_host": "",
            "secondary_file_microsoft_endpoint": "",
            "secondary_file_microsoft_host": "",
            "secondary_location": "switzerlandwest",
            "secondary_queue_endpoint": "",
            "secondary_queue_host": "",
            "secondary_queue_microsoft_endpoint": "",
            "secondary_queue_microsoft_host": "",
            "secondary_table_endpoint": "",
            "secondary_table_host": "",
            "secondary_table_microsoft_endpoint": "",
            "secondary_table_microsoft_host": "",
            "secondary_web_endpoint": "",
            "secondary_web_host": "",
            "secondary_web_internet_endpoint": "",
            "secondary_web_internet_host": "",
            "secondary_web_microsoft_endpoint": "",
            "secondary_web_microsoft_host": "",
            "sftp_enabled": false,
            "share_properties": [
              {
                "cors_rule": [],
                "retention_policy": [
                  {
                    "days": 7
                  }
                ],
                "smb": []
              }
            ],
            "shared_access_key_enabled": false,
            "static_website": [],
            "table_encryption_key_type": "Service",
            "tags": {
              "application": "Dependency Track",
              "createdby": "raffael.nussbaumer@isolutions.ch",
              "environment": "dev"
            },
            "timeouts": null
          },
          "sensitive_attributes": [
            [
              {
                "type": "get_attr",
                "value": "secondary_connection_string"
              }
            ],
            [
              {
                "type": "get_attr",
                "value": "primary_access_key"
              }
            ],
            [
              {
                "type": "get_attr",
                "value": "secondary_access_key"
              }
            ],
            [
              {
                "type": "get_attr",
                "value": "primary_connection_string"
              }
            ],
            [
              {
                "type": "get_attr",
                "value": "primary_blob_connection_string"
              }
            ],
            [
              {
                "type": "get_attr",
                "value": "secondary_blob_connection_string"
              }
            ]
          ],
          "private": "eyJlMmJmYjczMC1lY2FhLTExZTYtOGY4OC0zNDM2M2JjN2M0YzAiOnsiY3JlYXRlIjozNjAwMDAwMDAwMDAwLCJkZWxldGUiOjM2MDAwMDAwMDAwMDAsInJlYWQiOjMwMDAwMDAwMDAwMCwidXBkYXRlIjozNjAwMDAwMDAwMDAwfSwic2NoZW1hX3ZlcnNpb24iOiI0In0=",
          "dependencies": [
            "azurerm_resource_group.rg"
          ]
        }
      ]
    },
    {
      "mode": "managed",
      "type": "azurerm_storage_container",
      "name": "tfstate",
      "provider": "provider[\"registry.terraform.io/hashicorp/azurerm\"]",
      "instances": [
        {
          "schema_version": 1,
          "attributes": {
            "container_access_type": "private",
            "default_encryption_scope": "$account-encryption-key",
            "encryption_scope_override_enabled": true,
            "has_immutability_policy": false,
            "has_legal_hold": false,
            "id": "https://isolc9storiac01.blob.core.windows.net/tfstate",
            "metadata": {},
            "name": "tfstate",
            "resource_manager_id": "/subscriptions/05403d4c-a7cd-48a3-a422-79e5c2385e32/resourceGroups/isol-c9-rg-iac/providers/Microsoft.Storage/storageAccounts/isolc9storiac01/blobServices/default/containers/tfstate",
            "storage_account_name": "isolc9storiac01",
            "timeouts": null
          },
          "sensitive_attributes": [],
          "private": "eyJlMmJmYjczMC1lY2FhLTExZTYtOGY4OC0zNDM2M2JjN2M0YzAiOnsiY3JlYXRlIjoxODAwMDAwMDAwMDAwLCJkZWxldGUiOjE4MDAwMDAwMDAwMDAsInJlYWQiOjMwMDAwMDAwMDAwMCwidXBkYXRlIjoxODAwMDAwMDAwMDAwfSwic2NoZW1hX3ZlcnNpb24iOiIxIn0=",
          "dependencies": [
            "azurerm_resource_group.rg",
            "azurerm_storage_account.sa"
          ]
        }
      ]
    }
  ],
  "check_results": null
}
