
Microsoft Visual Studio Solution File, Format Version 12.00
# Visual Studio Version 17
VisualStudioVersion = 17.11.35327.3
MinimumVisualStudioVersion = 10.0.40219.1
Project("{FAE04EC0-301F-11D3-BF4B-00C04F79EFBC}") = "ReactAndAspNetCoreApp.Server", "ReactAndAspNetCoreApp.Server\ReactAndAspNetCoreApp.Server.csproj", "{4947703A-5DA2-47E5-B7F1-BC3DD7B45F3C}"
EndProject
Project("{54A90642-561A-4BB1-A94E-469ADEE60C69}") = "reactandaspnetcoreapp.client", "reactandaspnetcoreapp.client\reactandaspnetcoreapp.client.esproj", "{1EB63FC4-4138-4F6B-99A0-611699E7CF5F}"
EndProject
Project("{FAE04EC0-301F-11D3-BF4B-00C04F79EFBC}") = "ReactAndAspNetCoreApp.Server.Tests", "ReactAndAspNetCoreApp.Server.Tests\ReactAndAspNetCoreApp.Server.Tests.csproj", "{065EA26C-24F7-42B1-81B5-3DC9EE827CE3}"
EndProject
Global
	GlobalSection(SolutionConfigurationPlatforms) = preSolution
		Debug|Any CPU = Debug|Any CPU
		Release|Any CPU = Release|Any CPU
	EndGlobalSection
	GlobalSection(ProjectConfigurationPlatforms) = postSolution
		{4947703A-5DA2-47E5-B7F1-BC3DD7B45F3C}.Debug|Any CPU.ActiveCfg = Debug|Any CPU
		{4947703A-5DA2-47E5-B7F1-BC3DD7B45F3C}.Debug|Any CPU.Build.0 = Debug|Any CPU
		{4947703A-5DA2-47E5-B7F1-BC3DD7B45F3C}.Release|Any CPU.ActiveCfg = Release|Any CPU
		{4947703A-5DA2-47E5-B7F1-BC3DD7B45F3C}.Release|Any CPU.Build.0 = Release|Any CPU
		{1EB63FC4-4138-4F6B-99A0-611699E7CF5F}.Debug|Any CPU.ActiveCfg = Debug|Any CPU
		{1EB63FC4-4138-4F6B-99A0-611699E7CF5F}.Debug|Any CPU.Build.0 = Debug|Any CPU
		{1EB63FC4-4138-4F6B-99A0-611699E7CF5F}.Debug|Any CPU.Deploy.0 = Debug|Any CPU
		{1EB63FC4-4138-4F6B-99A0-611699E7CF5F}.Release|Any CPU.ActiveCfg = Release|Any CPU
		{1EB63FC4-4138-4F6B-99A0-611699E7CF5F}.Release|Any CPU.Build.0 = Release|Any CPU
		{1EB63FC4-4138-4F6B-99A0-611699E7CF5F}.Release|Any CPU.Deploy.0 = Release|Any CPU
		{065EA26C-24F7-42B1-81B5-3DC9EE827CE3}.Debug|Any CPU.ActiveCfg = Debug|Any CPU
		{065EA26C-24F7-42B1-81B5-3DC9EE827CE3}.Debug|Any CPU.Build.0 = Debug|Any CPU
		{065EA26C-24F7-42B1-81B5-3DC9EE827CE3}.Release|Any CPU.ActiveCfg = Release|Any CPU
		{065EA26C-24F7-42B1-81B5-3DC9EE827CE3}.Release|Any CPU.Build.0 = Release|Any CPU
	EndGlobalSection
	GlobalSection(SolutionProperties) = preSolution
		HideSolutionNode = FALSE
	EndGlobalSection
	GlobalSection(ExtensibilityGlobals) = postSolution
		SolutionGuid = {E989E9E9-9250-48B9-BAA0-7C68DC3A11FE}
	EndGlobalSection
EndGlobal
